
Microsoft Visual Studio Solution File, Format Version 12.00
# Visual Studio Version 17
VisualStudioVersion = 17.4.33213.308
MinimumVisualStudioVersion = 10.0.40219.1
Project("{FAE04EC0-301F-11D3-BF4B-00C04F79EFBC}") = "LaboratoryWork_5", "LaboratoryWork_5\LaboratoryWork_5.csproj", "{150C948C-666A-470A-8C9E-9CF6CBAB09A7}"
EndProject
Global
	GlobalSection(SolutionConfigurationPlatforms) = preSolution
		Debug|Any CPU = Debug|Any CPU
		Release|Any CPU = Release|Any CPU
	EndGlobalSection
	GlobalSection(ProjectConfigurationPlatforms) = postSolution
		{150C948C-666A-470A-8C9E-9CF6CBAB09A7}.Debug|Any CPU.ActiveCfg = Debug|Any CPU
		{150C948C-666A-470A-8C9E-9CF6CBAB09A7}.Debug|Any CPU.Build.0 = Debug|Any CPU
		{150C948C-666A-470A-8C9E-9CF6CBAB09A7}.Release|Any CPU.ActiveCfg = Release|Any CPU
		{150C948C-666A-470A-8C9E-9CF6CBAB09A7}.Release|Any CPU.Build.0 = Release|Any CPU
	EndGlobalSection
	GlobalSection(SolutionProperties) = preSolution
		HideSolutionNode = FALSE
	EndGlobalSection
	GlobalSection(ExtensibilityGlobals) = postSolution
		SolutionGuid = {014EB0E2-F5B9-40BE-B46F-30F429CA4EA2}
	EndGlobalSection
EndGlobal
